// !$*UTF8*$!
{
	archiveVersion = 1;
	classes = {
	};
	objectVersion = 56;
	objects = {

/* Begin PBXBuildFile section */
		BFE8F0C52BE3602000083FD6 /* How_Long_LeftApp.swift in Sources */ = {isa = PBXBuildFile; fileRef = BFE8F0C42BE3602000083FD6 /* How_Long_LeftApp.swift */; };
		BFE8F0C72BE3602000083FD6 /* ContentView.swift in Sources */ = {isa = PBXBuildFile; fileRef = BFE8F0C62BE3602000083FD6 /* ContentView.swift */; };
		BFE8F0C92BE3602000083FD6 /* Item.swift in Sources */ = {isa = PBXBuildFile; fileRef = BFE8F0C82BE3602000083FD6 /* Item.swift */; };
		BFE8F0CB2BE3602200083FD6 /* Assets.xcassets in Resources */ = {isa = PBXBuildFile; fileRef = BFE8F0CA2BE3602200083FD6 /* Assets.xcassets */; };
		BFE8F0CE2BE3602200083FD6 /* Preview Assets.xcassets in Resources */ = {isa = PBXBuildFile; fileRef = BFE8F0CD2BE3602200083FD6 /* Preview Assets.xcassets */; };
		BFE8F0D82BE3602200083FD6 /* How_Long_LeftTests.swift in Sources */ = {isa = PBXBuildFile; fileRef = BFE8F0D72BE3602200083FD6 /* How_Long_LeftTests.swift */; };
		BFE8F0E22BE3602200083FD6 /* How_Long_LeftUITests.swift in Sources */ = {isa = PBXBuildFile; fileRef = BFE8F0E12BE3602200083FD6 /* How_Long_LeftUITests.swift */; };
		BFE8F0E42BE3602200083FD6 /* How_Long_LeftUITestsLaunchTests.swift in Sources */ = {isa = PBXBuildFile; fileRef = BFE8F0E32BE3602200083FD6 /* How_Long_LeftUITestsLaunchTests.swift */; };
/* End PBXBuildFile section */

/* Begin PBXContainerItemProxy section */
		BFE8F0D42BE3602200083FD6 /* PBXContainerItemProxy */ = {
			isa = PBXContainerItemProxy;
			containerPortal = BFE8F0B92BE3602000083FD6 /* Project object */;
			proxyType = 1;
			remoteGlobalIDString = BFE8F0C02BE3602000083FD6;
			remoteInfo = "How Long Left";
		};
		BFE8F0DE2BE3602200083FD6 /* PBXContainerItemProxy */ = {
			isa = PBXContainerItemProxy;
			containerPortal = BFE8F0B92BE3602000083FD6 /* Project object */;
			proxyType = 1;
			remoteGlobalIDString = BFE8F0C02BE3602000083FD6;
			remoteInfo = "How Long Left";
		};
/* End PBXContainerItemProxy section */

/* Begin PBXFileReference section */
		BFE8F0C12BE3602000083FD6 /* How Long Left.app */ = {isa = PBXFileReference; explicitFileType = wrapper.application; includeInIndex = 0; path = "How Long Left.app"; sourceTree = BUILT_PRODUCTS_DIR; };
		BFE8F0C42BE3602000083FD6 /* How_Long_LeftApp.swift */ = {isa = PBXFileReference; lastKnownFileType = sourcecode.swift; path = How_Long_LeftApp.swift; sourceTree = "<group>"; };
		BFE8F0C62BE3602000083FD6 /* ContentView.swift */ = {isa = PBXFileReference; lastKnownFileType = sourcecode.swift; path = ContentView.swift; sourceTree = "<group>"; };
		BFE8F0C82BE3602000083FD6 /* Item.swift */ = {isa = PBXFileReference; lastKnownFileType = sourcecode.swift; path = Item.swift; sourceTree = "<group>"; };
		BFE8F0CA2BE3602200083FD6 /* Assets.xcassets */ = {isa = PBXFileReference; lastKnownFileType = folder.assetcatalog; path = Assets.xcassets; sourceTree = "<group>"; };
		BFE8F0CD2BE3602200083FD6 /* Preview Assets.xcassets */ = {isa = PBXFileReference; lastKnownFileType = folder.assetcatalog; path = "Preview Assets.xcassets"; sourceTree = "<group>"; };
		BFE8F0D32BE3602200083FD6 /* How Long LeftTests.xctest */ = {isa = PBXFileReference; explicitFileType = wrapper.cfbundle; includeInIndex = 0; path = "How Long LeftTests.xctest"; sourceTree = BUILT_PRODUCTS_DIR; };
		BFE8F0D72BE3602200083FD6 /* How_Long_LeftTests.swift */ = {isa = PBXFileReference; lastKnownFileType = sourcecode.swift; path = How_Long_LeftTests.swift; sourceTree = "<group>"; };
		BFE8F0DD2BE3602200083FD6 /* How Long LeftUITests.xctest */ = {isa = PBXFileReference; explicitFileType = wrapper.cfbundle; includeInIndex = 0; path = "How Long LeftUITests.xctest"; sourceTree = BUILT_PRODUCTS_DIR; };
		BFE8F0E12BE3602200083FD6 /* How_Long_LeftUITests.swift */ = {isa = PBXFileReference; lastKnownFileType = sourcecode.swift; path = How_Long_LeftUITests.swift; sourceTree = "<group>"; };
		BFE8F0E32BE3602200083FD6 /* How_Long_LeftUITestsLaunchTests.swift */ = {isa = PBXFileReference; lastKnownFileType = sourcecode.swift; path = How_Long_LeftUITestsLaunchTests.swift; sourceTree = "<group>"; };
/* End PBXFileReference section */

/* Begin PBXFrameworksBuildPhase section */
		BFE8F0BE2BE3602000083FD6 /* Frameworks */ = {
			isa = PBXFrameworksBuildPhase;
			buildActionMask = 2147483647;
			files = (
			);
			runOnlyForDeploymentPostprocessing = 0;
		};
		BFE8F0D02BE3602200083FD6 /* Frameworks */ = {
			isa = PBXFrameworksBuildPhase;
			buildActionMask = 2147483647;
			files = (
			);
			runOnlyForDeploymentPostprocessing = 0;
		};
		BFE8F0DA2BE3602200083FD6 /* Frameworks */ = {
			isa = PBXFrameworksBuildPhase;
			buildActionMask = 2147483647;
			files = (
			);
			runOnlyForDeploymentPostprocessing = 0;
		};
/* End PBXFrameworksBuildPhase section */

/* Begin PBXGroup section */
		BFE8F0B82BE3602000083FD6 = {
			isa = PBXGroup;
			children = (
				BFE8F0C32BE3602000083FD6 /* How Long Left */,
				BFE8F0D62BE3602200083FD6 /* How Long LeftTests */,
				BFE8F0E02BE3602200083FD6 /* How Long LeftUITests */,
				BFE8F0C22BE3602000083FD6 /* Products */,
			);
			sourceTree = "<group>";
		};
		BFE8F0C22BE3602000083FD6 /* Products */ = {
			isa = PBXGroup;
			children = (
				BFE8F0C12BE3602000083FD6 /* How Long Left.app */,
				BFE8F0D32BE3602200083FD6 /* How Long LeftTests.xctest */,
				BFE8F0DD2BE3602200083FD6 /* How Long LeftUITests.xctest */,
			);
			name = Products;
			sourceTree = "<group>";
		};
		BFE8F0C32BE3602000083FD6 /* How Long Left */ = {
			isa = PBXGroup;
			children = (
				BFE8F0C42BE3602000083FD6 /* How_Long_LeftApp.swift */,
				BFE8F0C62BE3602000083FD6 /* ContentView.swift */,
				BFE8F0C82BE3602000083FD6 /* Item.swift */,
				BFE8F0CA2BE3602200083FD6 /* Assets.xcassets */,
				BFE8F0CC2BE3602200083FD6 /* Preview Content */,
			);
			path = "How Long Left";
			sourceTree = "<group>";
		};
		BFE8F0CC2BE3602200083FD6 /* Preview Content */ = {
			isa = PBXGroup;
			children = (
				BFE8F0CD2BE3602200083FD6 /* Preview Assets.xcassets */,
			);
			path = "Preview Content";
			sourceTree = "<group>";
		};
		BFE8F0D62BE3602200083FD6 /* How Long LeftTests */ = {
			isa = PBXGroup;
			children = (
				BFE8F0D72BE3602200083FD6 /* How_Long_LeftTests.swift */,
			);
			path = "How Long LeftTests";
			sourceTree = "<group>";
		};
		BFE8F0E02BE3602200083FD6 /* How Long LeftUITests */ = {
			isa = PBXGroup;
			children = (
				BFE8F0E12BE3602200083FD6 /* How_Long_LeftUITests.swift */,
				BFE8F0E32BE3602200083FD6 /* How_Long_LeftUITestsLaunchTests.swift */,
			);
			path = "How Long LeftUITests";
			sourceTree = "<group>";
		};
/* End PBXGroup section */

/* Begin PBXNativeTarget section */
		BFE8F0C02BE3602000083FD6 /* How Long Left */ = {
			isa = PBXNativeTarget;
			buildConfigurationList = BFE8F0E72BE3602200083FD6 /* Build configuration list for PBXNativeTarget "How Long Left" */;
			buildPhases = (
				BFE8F0BD2BE3602000083FD6 /* Sources */,
				BFE8F0BE2BE3602000083FD6 /* Frameworks */,
				BFE8F0BF2BE3602000083FD6 /* Resources */,
			);
			buildRules = (
			);
			dependencies = (
			);
			name = "How Long Left";
			productName = "How Long Left";
			productReference = BFE8F0C12BE3602000083FD6 /* How Long Left.app */;
			productType = "com.apple.product-type.application";
		};
		BFE8F0D22BE3602200083FD6 /* How Long LeftTests */ = {
			isa = PBXNativeTarget;
			buildConfigurationList = BFE8F0EA2BE3602200083FD6 /* Build configuration list for PBXNativeTarget "How Long LeftTests" */;
			buildPhases = (
				BFE8F0CF2BE3602200083FD6 /* Sources */,
				BFE8F0D02BE3602200083FD6 /* Frameworks */,
				BFE8F0D12BE3602200083FD6 /* Resources */,
			);
			buildRules = (
			);
			dependencies = (
				BFE8F0D52BE3602200083FD6 /* PBXTargetDependency */,
			);
			name = "How Long LeftTests";
			productName = "How Long LeftTests";
			productReference = BFE8F0D32BE3602200083FD6 /* How Long LeftTests.xctest */;
			productType = "com.apple.product-type.bundle.unit-test";
		};
		BFE8F0DC2BE3602200083FD6 /* How Long LeftUITests */ = {
			isa = PBXNativeTarget;
			buildConfigurationList = BFE8F0ED2BE3602200083FD6 /* Build configuration list for PBXNativeTarget "How Long LeftUITests" */;
			buildPhases = (
				BFE8F0D92BE3602200083FD6 /* Sources */,
				BFE8F0DA2BE3602200083FD6 /* Frameworks */,
				BFE8F0DB2BE3602200083FD6 /* Resources */,
			);
			buildRules = (
			);
			dependencies = (
				BFE8F0DF2BE3602200083FD6 /* PBXTargetDependency */,
			);
			name = "How Long LeftUITests";
			productName = "How Long LeftUITests";
			productReference = BFE8F0DD2BE3602200083FD6 /* How Long LeftUITests.xctest */;
			productType = "com.apple.product-type.bundle.ui-testing";
		};
/* End PBXNativeTarget section */

/* Begin PBXProject section */
		BFE8F0B92BE3602000083FD6 /* Project object */ = {
			isa = PBXProject;
			attributes = {
				BuildIndependentTargetsInParallel = 1;
				LastSwiftUpdateCheck = 1530;
				LastUpgradeCheck = 1530;
				TargetAttributes = {
					BFE8F0C02BE3602000083FD6 = {
						CreatedOnToolsVersion = 15.3;
					};
					BFE8F0D22BE3602200083FD6 = {
						CreatedOnToolsVersion = 15.3;
						TestTargetID = BFE8F0C02BE3602000083FD6;
					};
					BFE8F0DC2BE3602200083FD6 = {
						CreatedOnToolsVersion = 15.3;
						TestTargetID = BFE8F0C02BE3602000083FD6;
					};
				};
			};
			buildConfigurationList = BFE8F0BC2BE3602000083FD6 /* Build configuration list for PBXProject "How Long Left" */;
			compatibilityVersion = "Xcode 14.0";
			developmentRegion = en;
			hasScannedForEncodings = 0;
			knownRegions = (
				en,
				Base,
			);
			mainGroup = BFE8F0B82BE3602000083FD6;
			productRefGroup = BFE8F0C22BE3602000083FD6 /* Products */;
			projectDirPath = "";
			projectRoot = "";
			targets = (
				BFE8F0C02BE3602000083FD6 /* How Long Left */,
				BFE8F0D22BE3602200083FD6 /* How Long LeftTests */,
				BFE8F0DC2BE3602200083FD6 /* How Long LeftUITests */,
			);
		};
/* End PBXProject section */

/* Begin PBXResourcesBuildPhase section */
		BFE8F0BF2BE3602000083FD6 /* Resources */ = {
			isa = PBXResourcesBuildPhase;
			buildActionMask = 2147483647;
			files = (
				BFE8F0CE2BE3602200083FD6 /* Preview Assets.xcassets in Resources */,
				BFE8F0CB2BE3602200083FD6 /* Assets.xcassets in Resources */,
			);
			runOnlyForDeploymentPostprocessing = 0;
		};
		BFE8F0D12BE3602200083FD6 /* Resources */ = {
			isa = PBXResourcesBuildPhase;
			buildActionMask = 2147483647;
			files = (
			);
			runOnlyForDeploymentPostprocessing = 0;
		};
		BFE8F0DB2BE3602200083FD6 /* Resources */ = {
			isa = PBXResourcesBuildPhase;
			buildActionMask = 2147483647;
			files = (
			);
			runOnlyForDeploymentPostprocessing = 0;
		};
/* End PBXResourcesBuildPhase section */

/* Begin PBXSourcesBuildPhase section */
		BFE8F0BD2BE3602000083FD6 /* Sources */ = {
			isa = PBXSourcesBuildPhase;
			buildActionMask = 2147483647;
			files = (
				BFE8F0C72BE3602000083FD6 /* ContentView.swift in Sources */,
				BFE8F0C92BE3602000083FD6 /* Item.swift in Sources */,
				BFE8F0C52BE3602000083FD6 /* How_Long_LeftApp.swift in Sources */,
			);
			runOnlyForDeploymentPostprocessing = 0;
		};
		BFE8F0CF2BE3602200083FD6 /* Sources */ = {
			isa = PBXSourcesBuildPhase;
			buildActionMask = 2147483647;
			files = (
				BFE8F0D82BE3602200083FD6 /* How_Long_LeftTests.swift in Sources */,
			);
			runOnlyForDeploymentPostprocessing = 0;
		};
		BFE8F0D92BE3602200083FD6 /* Sources */ = {
			isa = PBXSourcesBuildPhase;
			buildActionMask = 2147483647;
			files = (
				BFE8F0E42BE3602200083FD6 /* How_Long_LeftUITestsLaunchTests.swift in Sources */,
				BFE8F0E22BE3602200083FD6 /* How_Long_LeftUITests.swift in Sources */,
			);
			runOnlyForDeploymentPostprocessing = 0;
		};
/* End PBXSourcesBuildPhase section */

/* Begin PBXTargetDependency section */
		BFE8F0D52BE3602200083FD6 /* PBXTargetDependency */ = {
			isa = PBXTargetDependency;
			target = BFE8F0C02BE3602000083FD6 /* How Long Left */;
			targetProxy = BFE8F0D42BE3602200083FD6 /* PBXContainerItemProxy */;
		};
		BFE8F0DF2BE3602200083FD6 /* PBXTargetDependency */ = {
			isa = PBXTargetDependency;
			target = BFE8F0C02BE3602000083FD6 /* How Long Left */;
			targetProxy = BFE8F0DE2BE3602200083FD6 /* PBXContainerItemProxy */;
		};
/* End PBXTargetDependency section */

/* Begin XCBuildConfiguration section */
		BFE8F0E52BE3602200083FD6 /* Debug */ = {
			isa = XCBuildConfiguration;
			buildSettings = {
				ALWAYS_SEARCH_USER_PATHS = NO;
				ASSETCATALOG_COMPILER_GENERATE_SWIFT_ASSET_SYMBOL_EXTENSIONS = YES;
				CLANG_ANALYZER_NONNULL = YES;
				CLANG_ANALYZER_NUMBER_OBJECT_CONVERSION = YES_AGGRESSIVE;
				CLANG_CXX_LANGUAGE_STANDARD = "gnu++20";
				CLANG_ENABLE_MODULES = YES;
				CLANG_ENABLE_OBJC_ARC = YES;
				CLANG_ENABLE_OBJC_WEAK = YES;
				CLANG_WARN_BLOCK_CAPTURE_AUTORELEASING = YES;
				CLANG_WARN_BOOL_CONVERSION = YES;
				CLANG_WARN_COMMA = YES;
				CLANG_WARN_CONSTANT_CONVERSION = YES;
				CLANG_WARN_DEPRECATED_OBJC_IMPLEMENTATIONS = YES;
				CLANG_WARN_DIRECT_OBJC_ISA_USAGE = YES_ERROR;
				CLANG_WARN_DOCUMENTATION_COMMENTS = YES;
				CLANG_WARN_EMPTY_BODY = YES;
				CLANG_WARN_ENUM_CONVERSION = YES;
				CLANG_WARN_INFINITE_RECURSION = YES;
				CLANG_WARN_INT_CONVERSION = YES;
				CLANG_WARN_NON_LITERAL_NULL_CONVERSION = YES;
				CLANG_WARN_OBJC_IMPLICIT_RETAIN_SELF = YES;
				CLANG_WARN_OBJC_LITERAL_CONVERSION = YES;
				CLANG_WARN_OBJC_ROOT_CLASS = YES_ERROR;
				CLANG_WARN_QUOTED_INCLUDE_IN_FRAMEWORK_HEADER = YES;
				CLANG_WARN_RANGE_LOOP_ANALYSIS = YES;
				CLANG_WARN_STRICT_PROTOTYPES = YES;
				CLANG_WARN_SUSPICIOUS_MOVE = YES;
				CLANG_WARN_UNGUARDED_AVAILABILITY = YES_AGGRESSIVE;
				CLANG_WARN_UNREACHABLE_CODE = YES;
				CLANG_WARN__DUPLICATE_METHOD_MATCH = YES;
				COPY_PHASE_STRIP = NO;
				DEBUG_INFORMATION_FORMAT = dwarf;
				ENABLE_STRICT_OBJC_MSGSEND = YES;
				ENABLE_TESTABILITY = YES;
				ENABLE_USER_SCRIPT_SANDBOXING = YES;
				GCC_C_LANGUAGE_STANDARD = gnu17;
				GCC_DYNAMIC_NO_PIC = NO;
				GCC_NO_COMMON_BLOCKS = YES;
				GCC_OPTIMIZATION_LEVEL = 0;
				GCC_PREPROCESSOR_DEFINITIONS = (
					"DEBUG=1",
					"$(inherited)",
				);
				GCC_WARN_64_TO_32_BIT_CONVERSION = YES;
				GCC_WARN_ABOUT_RETURN_TYPE = YES_ERROR;
				GCC_WARN_UNDECLARED_SELECTOR = YES;
				GCC_WARN_UNINITIALIZED_AUTOS = YES_AGGRESSIVE;
				GCC_WARN_UNUSED_FUNCTION = YES;
				GCC_WARN_UNUSED_VARIABLE = YES;
				IPHONEOS_DEPLOYMENT_TARGET = 17.4;
				LOCALIZATION_PREFERS_STRING_CATALOGS = YES;
				MTL_ENABLE_DEBUG_INFO = INCLUDE_SOURCE;
				MTL_FAST_MATH = YES;
				ONLY_ACTIVE_ARCH = YES;
				SDKROOT = iphoneos;
				SWIFT_ACTIVE_COMPILATION_CONDITIONS = "DEBUG $(inherited)";
				SWIFT_OPTIMIZATION_LEVEL = "-Onone";
			};
			name = Debug;
		};
		BFE8F0E62BE3602200083FD6 /* Release */ = {
			isa = XCBuildConfiguration;
			buildSettings = {
				ALWAYS_SEARCH_USER_PATHS = NO;
				ASSETCATALOG_COMPILER_GENERATE_SWIFT_ASSET_SYMBOL_EXTENSIONS = YES;
				CLANG_ANALYZER_NONNULL = YES;
				CLANG_ANALYZER_NUMBER_OBJECT_CONVERSION = YES_AGGRESSIVE;
				CLANG_CXX_LANGUAGE_STANDARD = "gnu++20";
				CLANG_ENABLE_MODULES = YES;
				CLANG_ENABLE_OBJC_ARC = YES;
				CLANG_ENABLE_OBJC_WEAK = YES;
				CLANG_WARN_BLOCK_CAPTURE_AUTORELEASING = YES;
				CLANG_WARN_BOOL_CONVERSION = YES;
				CLANG_WARN_COMMA = YES;
				CLANG_WARN_CONSTANT_CONVERSION = YES;
				CLANG_WARN_DEPRECATED_OBJC_IMPLEMENTATIONS = YES;
				CLANG_WARN_DIRECT_OBJC_ISA_USAGE = YES_ERROR;
				CLANG_WARN_DOCUMENTATION_COMMENTS = YES;
				CLANG_WARN_EMPTY_BODY = YES;
				CLANG_WARN_ENUM_CONVERSION = YES;
				CLANG_WARN_INFINITE_RECURSION = YES;
				CLANG_WARN_INT_CONVERSION = YES;
				CLANG_WARN_NON_LITERAL_NULL_CONVERSION = YES;
				CLANG_WARN_OBJC_IMPLICIT_RETAIN_SELF = YES;
				CLANG_WARN_OBJC_LITERAL_CONVERSION = YES;
				CLANG_WARN_OBJC_ROOT_CLASS = YES_ERROR;
				CLANG_WARN_QUOTED_INCLUDE_IN_FRAMEWORK_HEADER = YES;
				CLANG_WARN_RANGE_LOOP_ANALYSIS = YES;
				CLANG_WARN_STRICT_PROTOTYPES = YES;
				CLANG_WARN_SUSPICIOUS_MOVE = YES;
				CLANG_WARN_UNGUARDED_AVAILABILITY = YES_AGGRESSIVE;
				CLANG_WARN_UNREACHABLE_CODE = YES;
				CLANG_WARN__DUPLICATE_METHOD_MATCH = YES;
				COPY_PHASE_STRIP = NO;
				DEBUG_INFORMATION_FORMAT = "dwarf-with-dsym";
				ENABLE_NS_ASSERTIONS = NO;
				ENABLE_STRICT_OBJC_MSGSEND = YES;
				ENABLE_USER_SCRIPT_SANDBOXING = YES;
				GCC_C_LANGUAGE_STANDARD = gnu17;
				GCC_NO_COMMON_BLOCKS = YES;
				GCC_WARN_64_TO_32_BIT_CONVERSION = YES;
				GCC_WARN_ABOUT_RETURN_TYPE = YES_ERROR;
				GCC_WARN_UNDECLARED_SELECTOR = YES;
				GCC_WARN_UNINITIALIZED_AUTOS = YES_AGGRESSIVE;
				GCC_WARN_UNUSED_FUNCTION = YES;
				GCC_WARN_UNUSED_VARIABLE = YES;
				IPHONEOS_DEPLOYMENT_TARGET = 17.4;
				LOCALIZATION_PREFERS_STRING_CATALOGS = YES;
				MTL_ENABLE_DEBUG_INFO = NO;
				MTL_FAST_MATH = YES;
				SDKROOT = iphoneos;
				SWIFT_COMPILATION_MODE = wholemodule;
				VALIDATE_PRODUCT = YES;
			};
			name = Release;
		};
		BFE8F0E82BE3602200083FD6 /* Debug */ = {
			isa = XCBuildConfiguration;
			buildSettings = {
				ASSETCATALOG_COMPILER_APPICON_NAME = AppIcon;
				ASSETCATALOG_COMPILER_GLOBAL_ACCENT_COLOR_NAME = AccentColor;
				CODE_SIGN_STYLE = Automatic;
				CURRENT_PROJECT_VERSION = 1;
				DEVELOPMENT_ASSET_PATHS = "\"How Long Left/Preview Content\"";
				DEVELOPMENT_TEAM = 5AMFX8X5ZN;
				ENABLE_PREVIEWS = YES;
				GENERATE_INFOPLIST_FILE = YES;
				INFOPLIST_KEY_UIApplicationSceneManifest_Generation = YES;
				INFOPLIST_KEY_UIApplicationSupportsIndirectInputEvents = YES;
				INFOPLIST_KEY_UILaunchScreen_Generation = YES;
				INFOPLIST_KEY_UISupportedInterfaceOrientations_iPad = "UIInterfaceOrientationPortrait UIInterfaceOrientationPortraitUpsideDown UIInterfaceOrientationLandscapeLeft UIInterfaceOrientationLandscapeRight";
				INFOPLIST_KEY_UISupportedInterfaceOrientations_iPhone = "UIInterfaceOrientationPortrait UIInterfaceOrientationLandscapeLeft UIInterfaceOrientationLandscapeRight";
				LD_RUNPATH_SEARCH_PATHS = (
					"$(inherited)",
					"@executable_path/Frameworks",
				);
				MARKETING_VERSION = 1.0;
				PRODUCT_BUNDLE_IDENTIFIER = "ryankontos.How-Long-Left";
				PRODUCT_NAME = "$(TARGET_NAME)";
				SWIFT_EMIT_LOC_STRINGS = YES;
				SWIFT_VERSION = 5.0;
				TARGETED_DEVICE_FAMILY = "1,2";
			};
			name = Debug;
		};
		BFE8F0E92BE3602200083FD6 /* Release */ = {
			isa = XCBuildConfiguration;
			buildSettings = {
				ASSETCATALOG_COMPILER_APPICON_NAME = AppIcon;
				ASSETCATALOG_COMPILER_GLOBAL_ACCENT_COLOR_NAME = AccentColor;
				CODE_SIGN_STYLE = Automatic;
				CURRENT_PROJECT_VERSION = 1;
				DEVELOPMENT_ASSET_PATHS = "\"How Long Left/Preview Content\"";
				DEVELOPMENT_TEAM = 5AMFX8X5ZN;
				ENABLE_PREVIEWS = YES;
				GENERATE_INFOPLIST_FILE = YES;
				INFOPLIST_KEY_UIApplicationSceneManifest_Generation = YES;
				INFOPLIST_KEY_UIApplicationSupportsIndirectInputEvents = YES;
				INFOPLIST_KEY_UILaunchScreen_Generation = YES;
				INFOPLIST_KEY_UISupportedInterfaceOrientations_iPad = "UIInterfaceOrientationPortrait UIInterfaceOrientationPortraitUpsideDown UIInterfaceOrientationLandscapeLeft UIInterfaceOrientationLandscapeRight";
				INFOPLIST_KEY_UISupportedInterfaceOrientations_iPhone = "UIInterfaceOrientationPortrait UIInterfaceOrientationLandscapeLeft UIInterfaceOrientationLandscapeRight";
				LD_RUNPATH_SEARCH_PATHS = (
					"$(inherited)",
					"@executable_path/Frameworks",
				);
				MARKETING_VERSION = 1.0;
				PRODUCT_BUNDLE_IDENTIFIER = "ryankontos.How-Long-Left";
				PRODUCT_NAME = "$(TARGET_NAME)";
				SWIFT_EMIT_LOC_STRINGS = YES;
				SWIFT_VERSION = 5.0;
				TARGETED_DEVICE_FAMILY = "1,2";
			};
			name = Release;
		};
		BFE8F0EB2BE3602200083FD6 /* Debug */ = {
			isa = XCBuildConfiguration;
			buildSettings = {
				ALWAYS_EMBED_SWIFT_STANDARD_LIBRARIES = YES;
				BUNDLE_LOADER = "$(TEST_HOST)";
				CODE_SIGN_STYLE = Automatic;
				CURRENT_PROJECT_VERSION = 1;
				DEVELOPMENT_TEAM = 5AMFX8X5ZN;
				GENERATE_INFOPLIST_FILE = YES;
				IPHONEOS_DEPLOYMENT_TARGET = 17.4;
				MARKETING_VERSION = 1.0;
				PRODUCT_BUNDLE_IDENTIFIER = "ryankontos.How-Long-LeftTests";
				PRODUCT_NAME = "$(TARGET_NAME)";
				SWIFT_EMIT_LOC_STRINGS = NO;
				SWIFT_VERSION = 5.0;
				TARGETED_DEVICE_FAMILY = "1,2";
				TEST_HOST = "$(BUILT_PRODUCTS_DIR)/How Long Left.app/$(BUNDLE_EXECUTABLE_FOLDER_PATH)/How Long Left";
			};
			name = Debug;
		};
		BFE8F0EC2BE3602200083FD6 /* Release */ = {
			isa = XCBuildConfiguration;
			buildSettings = {
				ALWAYS_EMBED_SWIFT_STANDARD_LIBRARIES = YES;
				BUNDLE_LOADER = "$(TEST_HOST)";
				CODE_SIGN_STYLE = Automatic;
				CURRENT_PROJECT_VERSION = 1;
				DEVELOPMENT_TEAM = 5AMFX8X5ZN;
				GENERATE_INFOPLIST_FILE = YES;
				IPHONEOS_DEPLOYMENT_TARGET = 17.4;
				MARKETING_VERSION = 1.0;
				PRODUCT_BUNDLE_IDENTIFIER = "ryankontos.How-Long-LeftTests";
				PRODUCT_NAME = "$(TARGET_NAME)";
				SWIFT_EMIT_LOC_STRINGS = NO;
				SWIFT_VERSION = 5.0;
				TARGETED_DEVICE_FAMILY = "1,2";
				TEST_HOST = "$(BUILT_PRODUCTS_DIR)/How Long Left.app/$(BUNDLE_EXECUTABLE_FOLDER_PATH)/How Long Left";
			};
			name = Release;
		};
		BFE8F0EE2BE3602200083FD6 /* Debug */ = {
			isa = XCBuildConfiguration;
			buildSettings = {
				ALWAYS_EMBED_SWIFT_STANDARD_LIBRARIES = YES;
				CODE_SIGN_STYLE = Automatic;
				CURRENT_PROJECT_VERSION = 1;
				DEVELOPMENT_TEAM = 5AMFX8X5ZN;
				GENERATE_INFOPLIST_FILE = YES;
				MARKETING_VERSION = 1.0;
				PRODUCT_BUNDLE_IDENTIFIER = "ryankontos.How-Long-LeftUITests";
				PRODUCT_NAME = "$(TARGET_NAME)";
				SWIFT_EMIT_LOC_STRINGS = NO;
				SWIFT_VERSION = 5.0;
				TARGETED_DEVICE_FAMILY = "1,2";
				TEST_TARGET_NAME = "How Long Left";
			};
			name = Debug;
		};
		BFE8F0EF2BE3602200083FD6 /* Release */ = {
			isa = XCBuildConfiguration;
			buildSettings = {
				ALWAYS_EMBED_SWIFT_STANDARD_LIBRARIES = YES;
				CODE_SIGN_STYLE = Automatic;
				CURRENT_PROJECT_VERSION = 1;
				DEVELOPMENT_TEAM = 5AMFX8X5ZN;
				GENERATE_INFOPLIST_FILE = YES;
				MARKETING_VERSION = 1.0;
				PRODUCT_BUNDLE_IDENTIFIER = "ryankontos.How-Long-LeftUITests";
				PRODUCT_NAME = "$(TARGET_NAME)";
				SWIFT_EMIT_LOC_STRINGS = NO;
				SWIFT_VERSION = 5.0;
				TARGETED_DEVICE_FAMILY = "1,2";
				TEST_TARGET_NAME = "How Long Left";
			};
			name = Release;
		};
/* End XCBuildConfiguration section */

/* Begin XCConfigurationList section */
		BFE8F0BC2BE3602000083FD6 /* Build configuration list for PBXProject "How Long Left" */ = {
			isa = XCConfigurationList;
			buildConfigurations = (
				BFE8F0E52BE3602200083FD6 /* Debug */,
				BFE8F0E62BE3602200083FD6 /* Release */,
			);
			defaultConfigurationIsVisible = 0;
			defaultConfigurationName = Release;
		};
		BFE8F0E72BE3602200083FD6 /* Build configuration list for PBXNativeTarget "How Long Left" */ = {
			isa = XCConfigurationList;
			buildConfigurations = (
				BFE8F0E82BE3602200083FD6 /* Debug */,
				BFE8F0E92BE3602200083FD6 /* Release */,
			);
			defaultConfigurationIsVisible = 0;
			defaultConfigurationName = Release;
		};
		BFE8F0EA2BE3602200083FD6 /* Build configuration list for PBXNativeTarget "How Long LeftTests" */ = {
			isa = XCConfigurationList;
			buildConfigurations = (
				BFE8F0EB2BE3602200083FD6 /* Debug */,
				BFE8F0EC2BE3602200083FD6 /* Release */,
			);
			defaultConfigurationIsVisible = 0;
			defaultConfigurationName = Release;
		};
		BFE8F0ED2BE3602200083FD6 /* Build configuration list for PBXNativeTarget "How Long LeftUITests" */ = {
			isa = XCConfigurationList;
			buildConfigurations = (
				BFE8F0EE2BE3602200083FD6 /* Debug */,
				BFE8F0EF2BE3602200083FD6 /* Release */,
			);
			defaultConfigurationIsVisible = 0;
			defaultConfigurationName = Release;
		};
/* End XCConfigurationList section */
	};
	rootObject = BFE8F0B92BE3602000083FD6 /* Project object */;
}
